<Solution>
  <!-- Paths are relative to this file's final location.
       PlaceSolutionInSolutionFolder true  → src/sln/ClassLibrary/ClassLibrary.slnx
         (Readme.md beside this file; projects are ../../prj/).
       PlaceSolutionInSolutionFolder false → repo root, so src/prj/ and src/sln/. -->
  <Folder Name="/sln/ClassLibrary/">
<!--#if (PlaceSolutionInSolutionFolder) -->
    <File Path="Readme.md" />
<!--#else -->
    <File Path="src/sln/ClassLibrary/Readme.md" />
<!--#endif -->
  </Folder>
  <Folder Name="/prj/">
<!--#if (PlaceSolutionInSolutionFolder) -->
    <Project Path="../../prj/ClassLibrary.Tests/ClassLibrary.Tests.csproj" />
    <Project Path="../../prj/ClassLibrary/ClassLibrary.csproj" />
<!--#else -->
    <Project Path="src/prj/ClassLibrary.Tests/ClassLibrary.Tests.csproj" />
    <Project Path="src/prj/ClassLibrary/ClassLibrary.csproj" />
<!--#endif -->
<!--#if (BenchmarkProject == true) -->
<!--#if (PlaceSolutionInSolutionFolder) -->
    <Project Path="../../prj/ClassLibrary.Benchmark/ClassLibrary.Benchmark.csproj" />
<!--#else -->
    <Project Path="src/prj/ClassLibrary.Benchmark/ClassLibrary.Benchmark.csproj" />
<!--#endif -->
<!--#endif -->
  </Folder>
</Solution>
