
Microsoft Visual Studio Solution File, Format Version 12.00
# Visual Studio Version 17
VisualStudioVersion = 17.6.33815.320
MinimumVisualStudioVersion = 10.0.40219.1
Project("{9A19103F-16F7-4668-BE54-9A1E7A4F7556}") = "CoreeTemplatesProject", "CoreeTemplatesProject.csproj", "{6B8194FB-EC2D-4243-98AE-B99E5A17250D}"
EndProject
Global
	GlobalSection(SolutionConfigurationPlatforms) = preSolution
		Debug|Any CPU = Debug|Any CPU
		Release|Any CPU = Release|Any CPU
	EndGlobalSection
	GlobalSection(ProjectConfigurationPlatforms) = postSolution
		{6B8194FB-EC2D-4243-98AE-B99E5A17250D}.Debug|Any CPU.ActiveCfg = Debug|Any CPU
		{6B8194FB-EC2D-4243-98AE-B99E5A17250D}.Debug|Any CPU.Build.0 = Debug|Any CPU
		{6B8194FB-EC2D-4243-98AE-B99E5A17250D}.Release|Any CPU.ActiveCfg = Release|Any CPU
		{6B8194FB-EC2D-4243-98AE-B99E5A17250D}.Release|Any CPU.Build.0 = Release|Any CPU
	EndGlobalSection
	GlobalSection(SolutionProperties) = preSolution
		HideSolutionNode = FALSE
	EndGlobalSection
	GlobalSection(ExtensibilityGlobals) = postSolution
		SolutionGuid = {1F120E61-868C-4E7B-8CF3-77BECB30E07A}
	EndGlobalSection
EndGlobal
